// !$*UTF8*$!
{
	archiveVersion = 1;
	classes = {
	};
	objectVersion = 56;
	objects = {

/* Begin PBXBuildFile section */
		3AA4AB8128E201B400F95B6D /* screen.cpp in Sources */ = {isa = PBXBuildFile; fileRef = 3AA4AB7F28E201B400F95B6D /* screen.cpp */; };
		3AD3A20728E1ECEA000E9894 /* libncurses.tbd in Frameworks */ = {isa = PBXBuildFile; fileRef = 3AD3A20628E1ECEA000E9894 /* libncurses.tbd */; };
		3AD3A20928E1F4D0000E9894 /* SDL2.framework in Frameworks */ = {isa = PBXBuildFile; fileRef = 3AD3A20828E1F4D0000E9894 /* SDL2.framework */; };
		3AEF867328DF4219003D48B6 /* main.cpp in Sources */ = {isa = PBXBuildFile; fileRef = 3AEF867228DF4219003D48B6 /* main.cpp */; };
		3AEF867E28DF4238003D48B6 /* food.cpp in Sources */ = {isa = PBXBuildFile; fileRef = 3AEF867A28DF4237003D48B6 /* food.cpp */; };
		3AEF867F28DF4238003D48B6 /* snake.cpp in Sources */ = {isa = PBXBuildFile; fileRef = 3AEF867D28DF4238003D48B6 /* snake.cpp */; };
/* End PBXBuildFile section */

/* Begin PBXCopyFilesBuildPhase section */
		3AEF866D28DF4219003D48B6 /* CopyFiles */ = {
			isa = PBXCopyFilesBuildPhase;
			buildActionMask = 2147483647;
			dstPath = /usr/share/man/man1/;
			dstSubfolderSpec = 0;
			files = (
			);
			runOnlyForDeploymentPostprocessing = 1;
		};
/* End PBXCopyFilesBuildPhase section */

/* Begin PBXFileReference section */
		3AA4AB7F28E201B400F95B6D /* screen.cpp */ = {isa = PBXFileReference; lastKnownFileType = sourcecode.cpp.cpp; path = screen.cpp; sourceTree = "<group>"; };
		3AA4AB8028E201B400F95B6D /* screen.hpp */ = {isa = PBXFileReference; lastKnownFileType = sourcecode.cpp.h; path = screen.hpp; sourceTree = "<group>"; };
		3AD3A20628E1ECEA000E9894 /* libncurses.tbd */ = {isa = PBXFileReference; lastKnownFileType = "sourcecode.text-based-dylib-definition"; name = libncurses.tbd; path = usr/lib/libncurses.tbd; sourceTree = SDKROOT; };
		3AD3A20828E1F4D0000E9894 /* SDL2.framework */ = {isa = PBXFileReference; lastKnownFileType = wrapper.framework; name = SDL2.framework; path = ../../../../../Library/Frameworks/SDL2.framework; sourceTree = "<group>"; };
		3AEF866F28DF4219003D48B6 /* Modern Snake */ = {isa = PBXFileReference; explicitFileType = "compiled.mach-o.executable"; includeInIndex = 0; path = "Modern Snake"; sourceTree = BUILT_PRODUCTS_DIR; };
		3AEF867228DF4219003D48B6 /* main.cpp */ = {isa = PBXFileReference; lastKnownFileType = sourcecode.cpp.cpp; path = main.cpp; sourceTree = "<group>"; };
		3AEF867928DF4237003D48B6 /* snake.hpp */ = {isa = PBXFileReference; fileEncoding = 4; lastKnownFileType = sourcecode.cpp.h; path = snake.hpp; sourceTree = "<group>"; };
		3AEF867A28DF4237003D48B6 /* food.cpp */ = {isa = PBXFileReference; fileEncoding = 4; lastKnownFileType = sourcecode.cpp.cpp; path = food.cpp; sourceTree = "<group>"; };
		3AEF867B28DF4238003D48B6 /* common.hpp */ = {isa = PBXFileReference; fileEncoding = 4; lastKnownFileType = sourcecode.cpp.h; path = common.hpp; sourceTree = "<group>"; };
		3AEF867C28DF4238003D48B6 /* food.hpp */ = {isa = PBXFileReference; fileEncoding = 4; lastKnownFileType = sourcecode.cpp.h; path = food.hpp; sourceTree = "<group>"; };
		3AEF867D28DF4238003D48B6 /* snake.cpp */ = {isa = PBXFileReference; fileEncoding = 4; lastKnownFileType = sourcecode.cpp.cpp; path = snake.cpp; sourceTree = "<group>"; };
/* End PBXFileReference section */

/* Begin PBXFrameworksBuildPhase section */
		3AEF866C28DF4219003D48B6 /* Frameworks */ = {
			isa = PBXFrameworksBuildPhase;
			buildActionMask = 2147483647;
			files = (
				3AD3A20928E1F4D0000E9894 /* SDL2.framework in Frameworks */,
				3AD3A20728E1ECEA000E9894 /* libncurses.tbd in Frameworks */,
			);
			runOnlyForDeploymentPostprocessing = 0;
		};
/* End PBXFrameworksBuildPhase section */

/* Begin PBXGroup section */
		3AD3A20528E1ECB4000E9894 /* Frameworks */ = {
			isa = PBXGroup;
			children = (
				3AD3A20828E1F4D0000E9894 /* SDL2.framework */,
				3AD3A20628E1ECEA000E9894 /* libncurses.tbd */,
			);
			name = Frameworks;
			sourceTree = "<group>";
		};
		3AEF866628DF4219003D48B6 = {
			isa = PBXGroup;
			children = (
				3AEF867128DF4219003D48B6 /* Modern Snake */,
				3AEF867028DF4219003D48B6 /* Products */,
				3AD3A20528E1ECB4000E9894 /* Frameworks */,
			);
			sourceTree = "<group>";
		};
		3AEF867028DF4219003D48B6 /* Products */ = {
			isa = PBXGroup;
			children = (
				3AEF866F28DF4219003D48B6 /* Modern Snake */,
			);
			name = Products;
			sourceTree = "<group>";
		};
		3AEF867128DF4219003D48B6 /* Modern Snake */ = {
			isa = PBXGroup;
			children = (
				3AEF867B28DF4238003D48B6 /* common.hpp */,
				3AEF867A28DF4237003D48B6 /* food.cpp */,
				3AEF867C28DF4238003D48B6 /* food.hpp */,
				3AEF867D28DF4238003D48B6 /* snake.cpp */,
				3AEF867928DF4237003D48B6 /* snake.hpp */,
				3AEF867228DF4219003D48B6 /* main.cpp */,
				3AA4AB7F28E201B400F95B6D /* screen.cpp */,
				3AA4AB8028E201B400F95B6D /* screen.hpp */,
			);
			path = "Modern Snake";
			sourceTree = "<group>";
		};
/* End PBXGroup section */

/* Begin PBXNativeTarget section */
		3AEF866E28DF4219003D48B6 /* Modern Snake */ = {
			isa = PBXNativeTarget;
			buildConfigurationList = 3AEF867628DF4219003D48B6 /* Build configuration list for PBXNativeTarget "Modern Snake" */;
			buildPhases = (
				3AEF866B28DF4219003D48B6 /* Sources */,
				3AEF866C28DF4219003D48B6 /* Frameworks */,
				3AEF866D28DF4219003D48B6 /* CopyFiles */,
			);
			buildRules = (
			);
			dependencies = (
			);
			name = "Modern Snake";
			productName = "Modern Snake";
			productReference = 3AEF866F28DF4219003D48B6 /* Modern Snake */;
			productType = "com.apple.product-type.tool";
		};
/* End PBXNativeTarget section */

/* Begin PBXProject section */
		3AEF866728DF4219003D48B6 /* Project object */ = {
			isa = PBXProject;
			attributes = {
				BuildIndependentTargetsInParallel = 1;
				LastUpgradeCheck = 1400;
				TargetAttributes = {
					3AEF866E28DF4219003D48B6 = {
						CreatedOnToolsVersion = 14.0;
					};
				};
			};
			buildConfigurationList = 3AEF866A28DF4219003D48B6 /* Build configuration list for PBXProject "Modern Snake" */;
			compatibilityVersion = "Xcode 14.0";
			developmentRegion = en;
			hasScannedForEncodings = 0;
			knownRegions = (
				en,
				Base,
			);
			mainGroup = 3AEF866628DF4219003D48B6;
			productRefGroup = 3AEF867028DF4219003D48B6 /* Products */;
			projectDirPath = "";
			projectRoot = "";
			targets = (
				3AEF866E28DF4219003D48B6 /* Modern Snake */,
			);
		};
/* End PBXProject section */

/* Begin PBXSourcesBuildPhase section */
		3AEF866B28DF4219003D48B6 /* Sources */ = {
			isa = PBXSourcesBuildPhase;
			buildActionMask = 2147483647;
			files = (
				3AEF867328DF4219003D48B6 /* main.cpp in Sources */,
				3AEF867F28DF4238003D48B6 /* snake.cpp in Sources */,
				3AEF867E28DF4238003D48B6 /* food.cpp in Sources */,
				3AA4AB8128E201B400F95B6D /* screen.cpp in Sources */,
			);
			runOnlyForDeploymentPostprocessing = 0;
		};
/* End PBXSourcesBuildPhase section */

/* Begin XCBuildConfiguration section */
		3AEF867428DF4219003D48B6 /* Debug */ = {
			isa = XCBuildConfiguration;
			buildSettings = {
				ALWAYS_SEARCH_USER_PATHS = NO;
				CLANG_ANALYZER_NONNULL = YES;
				CLANG_ANALYZER_NUMBER_OBJECT_CONVERSION = YES_AGGRESSIVE;
				CLANG_CXX_LANGUAGE_STANDARD = "gnu++20";
				CLANG_ENABLE_MODULES = YES;
				CLANG_ENABLE_OBJC_ARC = YES;
				CLANG_ENABLE_OBJC_WEAK = YES;
				CLANG_WARN_BLOCK_CAPTURE_AUTORELEASING = YES;
				CLANG_WARN_BOOL_CONVERSION = YES;
				CLANG_WARN_COMMA = YES;
				CLANG_WARN_CONSTANT_CONVERSION = YES;
				CLANG_WARN_DEPRECATED_OBJC_IMPLEMENTATIONS = YES;
				CLANG_WARN_DIRECT_OBJC_ISA_USAGE = YES_ERROR;
				CLANG_WARN_DOCUMENTATION_COMMENTS = YES;
				CLANG_WARN_EMPTY_BODY = YES;
				CLANG_WARN_ENUM_CONVERSION = YES;
				CLANG_WARN_INFINITE_RECURSION = YES;
				CLANG_WARN_INT_CONVERSION = YES;
				CLANG_WARN_NON_LITERAL_NULL_CONVERSION = YES;
				CLANG_WARN_OBJC_IMPLICIT_RETAIN_SELF = YES;
				CLANG_WARN_OBJC_LITERAL_CONVERSION = YES;
				CLANG_WARN_OBJC_ROOT_CLASS = YES_ERROR;
				CLANG_WARN_QUOTED_INCLUDE_IN_FRAMEWORK_HEADER = YES;
				CLANG_WARN_RANGE_LOOP_ANALYSIS = YES;
				CLANG_WARN_STRICT_PROTOTYPES = YES;
				CLANG_WARN_SUSPICIOUS_MOVE = YES;
				CLANG_WARN_UNGUARDED_AVAILABILITY = YES_AGGRESSIVE;
				CLANG_WARN_UNREACHABLE_CODE = YES;
				CLANG_WARN__DUPLICATE_METHOD_MATCH = YES;
				COPY_PHASE_STRIP = NO;
				DEBUG_INFORMATION_FORMAT = dwarf;
				ENABLE_STRICT_OBJC_MSGSEND = YES;
				ENABLE_TESTABILITY = YES;
				GCC_C_LANGUAGE_STANDARD = gnu11;
				GCC_DYNAMIC_NO_PIC = NO;
				GCC_NO_COMMON_BLOCKS = YES;
				GCC_OPTIMIZATION_LEVEL = 0;
				GCC_PREPROCESSOR_DEFINITIONS = (
					"DEBUG=1",
					"$(inherited)",
				);
				GCC_WARN_64_TO_32_BIT_CONVERSION = YES;
				GCC_WARN_ABOUT_RETURN_TYPE = YES_ERROR;
				GCC_WARN_UNDECLARED_SELECTOR = YES;
				GCC_WARN_UNINITIALIZED_AUTOS = YES_AGGRESSIVE;
				GCC_WARN_UNUSED_FUNCTION = YES;
				GCC_WARN_UNUSED_VARIABLE = YES;
				MACOSX_DEPLOYMENT_TARGET = 12.3;
				MTL_ENABLE_DEBUG_INFO = INCLUDE_SOURCE;
				MTL_FAST_MATH = YES;
				ONLY_ACTIVE_ARCH = YES;
				SDKROOT = macosx;
			};
			name = Debug;
		};
		3AEF867528DF4219003D48B6 /* Release */ = {
			isa = XCBuildConfiguration;
			buildSettings = {
				ALWAYS_SEARCH_USER_PATHS = NO;
				CLANG_ANALYZER_NONNULL = YES;
				CLANG_ANALYZER_NUMBER_OBJECT_CONVERSION = YES_AGGRESSIVE;
				CLANG_CXX_LANGUAGE_STANDARD = "gnu++20";
				CLANG_ENABLE_MODULES = YES;
				CLANG_ENABLE_OBJC_ARC = YES;
				CLANG_ENABLE_OBJC_WEAK = YES;
				CLANG_WARN_BLOCK_CAPTURE_AUTORELEASING = YES;
				CLANG_WARN_BOOL_CONVERSION = YES;
				CLANG_WARN_COMMA = YES;
				CLANG_WARN_CONSTANT_CONVERSION = YES;
				CLANG_WARN_DEPRECATED_OBJC_IMPLEMENTATIONS = YES;
				CLANG_WARN_DIRECT_OBJC_ISA_USAGE = YES_ERROR;
				CLANG_WARN_DOCUMENTATION_COMMENTS = YES;
				CLANG_WARN_EMPTY_BODY = YES;
				CLANG_WARN_ENUM_CONVERSION = YES;
				CLANG_WARN_INFINITE_RECURSION = YES;
				CLANG_WARN_INT_CONVERSION = YES;
				CLANG_WARN_NON_LITERAL_NULL_CONVERSION = YES;
				CLANG_WARN_OBJC_IMPLICIT_RETAIN_SELF = YES;
				CLANG_WARN_OBJC_LITERAL_CONVERSION = YES;
				CLANG_WARN_OBJC_ROOT_CLASS = YES_ERROR;
				CLANG_WARN_QUOTED_INCLUDE_IN_FRAMEWORK_HEADER = YES;
				CLANG_WARN_RANGE_LOOP_ANALYSIS = YES;
				CLANG_WARN_STRICT_PROTOTYPES = YES;
				CLANG_WARN_SUSPICIOUS_MOVE = YES;
				CLANG_WARN_UNGUARDED_AVAILABILITY = YES_AGGRESSIVE;
				CLANG_WARN_UNREACHABLE_CODE = YES;
				CLANG_WARN__DUPLICATE_METHOD_MATCH = YES;
				COPY_PHASE_STRIP = NO;
				DEBUG_INFORMATION_FORMAT = "dwarf-with-dsym";
				ENABLE_NS_ASSERTIONS = NO;
				ENABLE_STRICT_OBJC_MSGSEND = YES;
				GCC_C_LANGUAGE_STANDARD = gnu11;
				GCC_NO_COMMON_BLOCKS = YES;
				GCC_OPTIMIZATION_LEVEL = fast;
				GCC_WARN_64_TO_32_BIT_CONVERSION = YES;
				GCC_WARN_ABOUT_RETURN_TYPE = YES_ERROR;
				GCC_WARN_UNDECLARED_SELECTOR = YES;
				GCC_WARN_UNINITIALIZED_AUTOS = YES_AGGRESSIVE;
				GCC_WARN_UNUSED_FUNCTION = YES;
				GCC_WARN_UNUSED_VARIABLE = YES;
				MACOSX_DEPLOYMENT_TARGET = 12.3;
				MTL_ENABLE_DEBUG_INFO = NO;
				MTL_FAST_MATH = YES;
				SDKROOT = macosx;
			};
			name = Release;
		};
		3AEF867728DF4219003D48B6 /* Debug */ = {
			isa = XCBuildConfiguration;
			buildSettings = {
				CODE_SIGN_STYLE = Automatic;
				FRAMEWORK_SEARCH_PATHS = (
					"$(inherited)",
					"$(LOCAL_LIBRARY_DIR)/Frameworks",
				);
				PRODUCT_NAME = "$(TARGET_NAME)";
			};
			name = Debug;
		};
		3AEF867828DF4219003D48B6 /* Release */ = {
			isa = XCBuildConfiguration;
			buildSettings = {
				CODE_SIGN_STYLE = Automatic;
				FRAMEWORK_SEARCH_PATHS = (
					"$(inherited)",
					"$(LOCAL_LIBRARY_DIR)/Frameworks",
				);
				PRODUCT_NAME = "$(TARGET_NAME)";
			};
			name = Release;
		};
/* End XCBuildConfiguration section */

/* Begin XCConfigurationList section */
		3AEF866A28DF4219003D48B6 /* Build configuration list for PBXProject "Modern Snake" */ = {
			isa = XCConfigurationList;
			buildConfigurations = (
				3AEF867428DF4219003D48B6 /* Debug */,
				3AEF867528DF4219003D48B6 /* Release */,
			);
			defaultConfigurationIsVisible = 0;
			defaultConfigurationName = Release;
		};
		3AEF867628DF4219003D48B6 /* Build configuration list for PBXNativeTarget "Modern Snake" */ = {
			isa = XCConfigurationList;
			buildConfigurations = (
				3AEF867728DF4219003D48B6 /* Debug */,
				3AEF867828DF4219003D48B6 /* Release */,
			);
			defaultConfigurationIsVisible = 0;
			defaultConfigurationName = Release;
		};
/* End XCConfigurationList section */
	};
	rootObject = 3AEF866728DF4219003D48B6 /* Project object */;
}
